
Microsoft Visual Studio Solution File, Format Version 11.00
# Visual Studio 2010
Project("{73443E56-3503-11DE-B03D-001DBA02A2FC}") = "Welcome", "Welcome.hxproj", "{14A12262-BFBF-4C2F-B060-300058B1CBF8}"
EndProject
Global
	GlobalSection(SolutionConfigurationPlatforms) = preSolution
		Debug|Any CPU = Debug|Any CPU
		Release|Any CPU = Release|Any CPU
	EndGlobalSection
	GlobalSection(ProjectConfigurationPlatforms) = postSolution
		{14A12262-BFBF-4C2F-B060-300058B1CBF8}.Debug|Any CPU.ActiveCfg = Debug|Any CPU
		{14A12262-BFBF-4C2F-B060-300058B1CBF8}.Debug|Any CPU.Build.0 = Debug|Any CPU
		{14A12262-BFBF-4C2F-B060-300058B1CBF8}.Release|Any CPU.ActiveCfg = Release|Any CPU
		{14A12262-BFBF-4C2F-B060-300058B1CBF8}.Release|Any CPU.Build.0 = Release|Any CPU
	EndGlobalSection
	GlobalSection(MonoDevelopProperties) = preSolution
		StartupItem = Welcome.hxproj
	EndGlobalSection
EndGlobal
