Microsoft Visual Studio Solution File, Format Version 9.00
# Visual C++ Express 2005
Project("{8BC9CEB8-8B4A-11D0-8D11-00A0C91BC942}") = "NME", "NME.vcproj", "{21D045BB-C87F-49A6-AAB7-828E55E01280}"
EndProject
Global
	GlobalSection(SolutionConfigurationPlatforms) = preSolution
		HXCPP - Debug|Win32 = HXCPP - Debug|Win32
		HXCPP - Release|Win32 = HXCPP - Release|Win32
		Neko NDLL - Debug|Win32 = Neko NDLL - Debug|Win32
		Neko NDLL - Release|Win32 = Neko NDLL - Release|Win32
	EndGlobalSection
	GlobalSection(ProjectConfigurationPlatforms) = postSolution
		{21D045BB-C87F-49A6-AAB7-828E55E01280}.HXCPP - Debug|Win32.ActiveCfg = HXCPP - Debug|Win32
		{21D045BB-C87F-49A6-AAB7-828E55E01280}.HXCPP - Debug|Win32.Build.0 = HXCPP - Debug|Win32
		{21D045BB-C87F-49A6-AAB7-828E55E01280}.HXCPP - Release|Win32.ActiveCfg = HXCPP - Release|Win32
		{21D045BB-C87F-49A6-AAB7-828E55E01280}.HXCPP - Release|Win32.Build.0 = HXCPP - Release|Win32
		{21D045BB-C87F-49A6-AAB7-828E55E01280}.Neko NDLL - Debug|Win32.ActiveCfg = Neko NDLL - Debug|Win32
		{21D045BB-C87F-49A6-AAB7-828E55E01280}.Neko NDLL - Debug|Win32.Build.0 = Neko NDLL - Debug|Win32
		{21D045BB-C87F-49A6-AAB7-828E55E01280}.Neko NDLL - Release|Win32.ActiveCfg = Neko NDLL - Release|Win32
		{21D045BB-C87F-49A6-AAB7-828E55E01280}.Neko NDLL - Release|Win32.Build.0 = Neko NDLL - Release|Win32
	EndGlobalSection
	GlobalSection(SolutionProperties) = preSolution
		HideSolutionNode = FALSE
	EndGlobalSection
EndGlobal
