Microsoft Visual Studio Solution File, Format Version 9.00
# Visual C++ Express 2005
Project("{8BC9CEB8-8B4A-11D0-8D11-00A0C91BC942}") = "NME", "NME.vcproj", "{21D045BB-C87F-49A6-AAB7-828E55E01280}"
EndProject
Global
	GlobalSection(SolutionConfigurationPlatforms) = preSolution
		Debug|Win32 = Debug|Win32
		Release|Win32 = Release|Win32
	EndGlobalSection
	GlobalSection(ProjectConfigurationPlatforms) = postSolution
		{21D045BB-C87F-49A6-AAB7-828E55E01280}.Debug|Win32.ActiveCfg = Debug|Win32
		{21D045BB-C87F-49A6-AAB7-828E55E01280}.Debug|Win32.Build.0 = Debug|Win32
		{21D045BB-C87F-49A6-AAB7-828E55E01280}.Release|Win32.ActiveCfg = Release|Win32
		{21D045BB-C87F-49A6-AAB7-828E55E01280}.Release|Win32.Build.0 = Release|Win32
	EndGlobalSection
	GlobalSection(SolutionProperties) = preSolution
		HideSolutionNode = FALSE
	EndGlobalSection
EndGlobal
