<?xml version="1.0" encoding="UTF-8"?>
<Scheme
   LastUpgradeVersion = "0730"
   version = "1.3">
   ::if (NME_WATCHOS)::
   <BuildAction
      parallelizeBuildables = "NO"
      buildImplicitDependencies = "YES">
      <BuildActionEntries>
         <BuildActionEntry
            buildForTesting = "YES"
            buildForRunning = "YES"
            buildForProfiling = "YES"
            buildForArchiving = "YES"
            buildForAnalyzing = "YES">
            <BuildableReference
               BuildableIdentifier = "primary"
               BlueprintIdentifier = "1ECD4ADD1D521CDE00ED25DA"
               BuildableName = "::WATCH_FILE::.app"
               BlueprintName = "::WATCH_FILE::"
               ReferencedContainer = "container:::APP_FILE::.xcodeproj">
            </BuildableReference>
         </BuildActionEntry>
         <BuildActionEntry
            buildForTesting = "YES"
            buildForRunning = "YES"
            buildForProfiling = "YES"
            buildForArchiving = "YES"
            buildForAnalyzing = "YES">
            <BuildableReference
               BuildableIdentifier = "primary"
               BlueprintIdentifier = "1ECD4AE91D521CDE00ED25DA"
               BuildableName = "::WATCH_FILE:: Extension.appex"
               BlueprintName = "::WATCH_FILE:: Extension"
               ReferencedContainer = "container:::APP_FILE::.xcodeproj">
            </BuildableReference>
         </BuildActionEntry>
         <BuildActionEntry
            buildForTesting = "YES"
            buildForRunning = "YES"
            buildForProfiling = "YES"
            buildForArchiving = "YES"
            buildForAnalyzing = "YES">
            <BuildableReference
               BuildableIdentifier = "primary"
               BlueprintIdentifier = "1D6058900D05DD3D006BFB54"
               BuildableName = "::APP_FILE::.app"
               BlueprintName = "::APP_FILE::"
               ReferencedContainer = "container:::APP_FILE::.xcodeproj">
            </BuildableReference>
         </BuildActionEntry>
      </BuildActionEntries>
   </BuildAction>
   <TestAction
      buildConfiguration = "Debug"
      selectedDebuggerIdentifier = "Xcode.DebuggerFoundation.Debugger.LLDB"
      selectedLauncherIdentifier = "Xcode.DebuggerFoundation.Launcher.LLDB"
      shouldUseLaunchSchemeArgsEnv = "YES">
      <Testables>
      </Testables>
      <MacroExpansion>
         <BuildableReference
            BuildableIdentifier = "primary"
            BlueprintIdentifier = "1ECD4ADD1D521CDE00ED25DA"
            BuildableName = "::WATCH_FILE::.app"
            BlueprintName = "::WATCH_FILE::"
            ReferencedContainer = "container:::APP_FILE::.xcodeproj">
         </BuildableReference>
      </MacroExpansion>
      <AdditionalOptions>
      </AdditionalOptions>
   </TestAction>
   <LaunchAction
      buildConfiguration = "Debug"
      selectedDebuggerIdentifier = "Xcode.DebuggerFoundation.Debugger.LLDB"
      selectedLauncherIdentifier = "Xcode.DebuggerFoundation.Launcher.LLDB"
      launchStyle = "0"
      useCustomWorkingDirectory = "NO"
      ignoresPersistentStateOnLaunch = "NO"
      debugDocumentVersioning = "YES"
      debugServiceExtension = "internal"
      allowLocationSimulation = "YES"
      notificationPayloadFile = "::WATCH_FILE:: Extension/PushNotificationPayload.apns">
      <RemoteRunnable
         runnableDebuggingMode = "2"
         BundleIdentifier = "com.apple.carousel"
         RemotePath = "/::WATCH_FILE::">
         <BuildableReference
            BuildableIdentifier = "primary"
            BlueprintIdentifier = "1ECD4ADD1D521CDE00ED25DA"
            BuildableName = "::WATCH_FILE::.app"
            BlueprintName = "::WATCH_FILE::"
            ReferencedContainer = "container:::APP_FILE::.xcodeproj">
         </BuildableReference>
      </RemoteRunnable>
      <MacroExpansion>
         <BuildableReference
            BuildableIdentifier = "primary"
            BlueprintIdentifier = "1ECD4ADD1D521CDE00ED25DA"
            BuildableName = "::WATCH_FILE::.app"
            BlueprintName = "::WATCH_FILE::"
            ReferencedContainer = "container:::APP_FILE::.xcodeproj">
         </BuildableReference>
      </MacroExpansion>
      <AdditionalOptions>
      </AdditionalOptions>
   </LaunchAction>
   <ProfileAction
      buildConfiguration = "Release"
      shouldUseLaunchSchemeArgsEnv = "YES"
      savedToolIdentifier = ""
      useCustomWorkingDirectory = "NO"
      debugDocumentVersioning = "YES">
      <RemoteRunnable
         runnableDebuggingMode = "2"
         BundleIdentifier = "com.apple.carousel"
         RemotePath = "/::WATCH_FILE::">
         <BuildableReference
            BuildableIdentifier = "primary"
            BlueprintIdentifier = "1ECD4ADD1D521CDE00ED25DA"
            BuildableName = "::WATCH_FILE::.app"
            BlueprintName = "::WATCH_FILE::"
            ReferencedContainer = "container:::APP_FILE::.xcodeproj">
         </BuildableReference>
      </RemoteRunnable>
      <MacroExpansion>
         <BuildableReference
            BuildableIdentifier = "primary"
            BlueprintIdentifier = "1ECD4ADD1D521CDE00ED25DA"
            BuildableName = "::WATCH_FILE::.app"
            BlueprintName = "::WATCH_FILE::"
            ReferencedContainer = "container:::APP_FILE::.xcodeproj">
         </BuildableReference>
      </MacroExpansion>
   </ProfileAction>
   <AnalyzeAction
      buildConfiguration = "Debug">
   </AnalyzeAction>
   <ArchiveAction
      buildConfiguration = "Release"
      revealArchiveInOrganizer = "YES">
   </ArchiveAction>
   ::end::
</Scheme>
