
Microsoft Visual Studio Solution File, Format Version 11.00
# Visual Studio 2010
Project("{319CB2C6-23BD-43E1-85B5-2AAFA3577041}") = "UnitTesting", "UnitTesting.nmeproj", "{A7619027-107A-4538-AB07-5A240EE13ACD}"
EndProject
Global
	GlobalSection(SolutionConfigurationPlatforms) = preSolution
		Debug|Android = Debug|Android
		Debug|BlackBerry = Debug|BlackBerry
		Debug|Flash = Debug|Flash
		Debug|HTML5 = Debug|HTML5
		Debug|iOS = Debug|iOS
		Debug|Linux = Debug|Linux
		Debug|Mac = Debug|Mac
		Debug|webOS = Debug|webOS
		Debug|Windows = Debug|Windows
		Release|Android = Release|Android
		Release|BlackBerry = Release|BlackBerry
		Release|Flash = Release|Flash
		Release|HTML5 = Release|HTML5
		Release|iOS = Release|iOS
		Release|Linux = Release|Linux
		Release|Mac = Release|Mac
		Release|webOS = Release|webOS
		Release|Windows = Release|Windows
	EndGlobalSection
	GlobalSection(ProjectConfigurationPlatforms) = postSolution
		{A7619027-107A-4538-AB07-5A240EE13ACD}.Debug|Android.ActiveCfg = Debug|Android
		{A7619027-107A-4538-AB07-5A240EE13ACD}.Debug|Android.Build.0 = Debug|Android
		{A7619027-107A-4538-AB07-5A240EE13ACD}.Debug|BlackBerry.ActiveCfg = Debug|BlackBerry
		{A7619027-107A-4538-AB07-5A240EE13ACD}.Debug|BlackBerry.Build.0 = Debug|BlackBerry
		{A7619027-107A-4538-AB07-5A240EE13ACD}.Debug|Flash.ActiveCfg = Debug|Flash
		{A7619027-107A-4538-AB07-5A240EE13ACD}.Debug|Flash.Build.0 = Debug|Flash
		{A7619027-107A-4538-AB07-5A240EE13ACD}.Debug|HTML5.ActiveCfg = Debug|HTML5
		{A7619027-107A-4538-AB07-5A240EE13ACD}.Debug|HTML5.Build.0 = Debug|HTML5
		{A7619027-107A-4538-AB07-5A240EE13ACD}.Debug|iOS.ActiveCfg = Debug|iOS
		{A7619027-107A-4538-AB07-5A240EE13ACD}.Debug|iOS.Build.0 = Debug|iOS
		{A7619027-107A-4538-AB07-5A240EE13ACD}.Debug|Linux.ActiveCfg = Debug|Linux
		{A7619027-107A-4538-AB07-5A240EE13ACD}.Debug|Linux.Build.0 = Debug|Linux
		{A7619027-107A-4538-AB07-5A240EE13ACD}.Debug|Mac.ActiveCfg = Debug|Mac
		{A7619027-107A-4538-AB07-5A240EE13ACD}.Debug|Mac.Build.0 = Debug|Mac
		{A7619027-107A-4538-AB07-5A240EE13ACD}.Debug|webOS.ActiveCfg = Debug|webOS
		{A7619027-107A-4538-AB07-5A240EE13ACD}.Debug|webOS.Build.0 = Debug|webOS
		{A7619027-107A-4538-AB07-5A240EE13ACD}.Debug|Windows.ActiveCfg = Debug|Windows
		{A7619027-107A-4538-AB07-5A240EE13ACD}.Debug|Windows.Build.0 = Debug|Windows
		{A7619027-107A-4538-AB07-5A240EE13ACD}.Release|Android.ActiveCfg = Release|Android
		{A7619027-107A-4538-AB07-5A240EE13ACD}.Release|Android.Build.0 = Release|Android
		{A7619027-107A-4538-AB07-5A240EE13ACD}.Release|BlackBerry.ActiveCfg = Release|BlackBerry
		{A7619027-107A-4538-AB07-5A240EE13ACD}.Release|BlackBerry.Build.0 = Release|BlackBerry
		{A7619027-107A-4538-AB07-5A240EE13ACD}.Release|Flash.ActiveCfg = Release|Flash
		{A7619027-107A-4538-AB07-5A240EE13ACD}.Release|Flash.Build.0 = Release|Flash
		{A7619027-107A-4538-AB07-5A240EE13ACD}.Release|HTML5.ActiveCfg = Release|HTML5
		{A7619027-107A-4538-AB07-5A240EE13ACD}.Release|HTML5.Build.0 = Release|HTML5
		{A7619027-107A-4538-AB07-5A240EE13ACD}.Release|iOS.ActiveCfg = Release|iOS
		{A7619027-107A-4538-AB07-5A240EE13ACD}.Release|iOS.Build.0 = Release|iOS
		{A7619027-107A-4538-AB07-5A240EE13ACD}.Release|Linux.ActiveCfg = Release|Linux
		{A7619027-107A-4538-AB07-5A240EE13ACD}.Release|Linux.Build.0 = Release|Linux
		{A7619027-107A-4538-AB07-5A240EE13ACD}.Release|Mac.ActiveCfg = Release|Mac
		{A7619027-107A-4538-AB07-5A240EE13ACD}.Release|Mac.Build.0 = Release|Mac
		{A7619027-107A-4538-AB07-5A240EE13ACD}.Release|webOS.ActiveCfg = Release|webOS
		{A7619027-107A-4538-AB07-5A240EE13ACD}.Release|webOS.Build.0 = Release|webOS
		{A7619027-107A-4538-AB07-5A240EE13ACD}.Release|Windows.ActiveCfg = Release|Windows
		{A7619027-107A-4538-AB07-5A240EE13ACD}.Release|Windows.Build.0 = Release|Windows
	EndGlobalSection
	GlobalSection(MonoDevelopProperties) = preSolution
		StartupItem = UnitTesting.nmeproj
	EndGlobalSection
EndGlobal
